// !$*UTF8*$!
{
	archiveVersion = 1;
	classes = {
	};
	objectVersion = 46;
	objects = {

/* Begin PBXBuildFile section */
		50A4537A1CB787BB00303D4E /* main.m in Sources */ = {isa = PBXBuildFile; fileRef = 50A453791CB787BB00303D4E /* main.m */; };
		50A4537D1CB787BB00303D4E /* AppDelegate.m in Sources */ = {isa = PBXBuildFile; fileRef = 50A4537C1CB787BB00303D4E /* AppDelegate.m */; };
		50A453801CB787BB00303D4E /* ViewController.m in Sources */ = {isa = PBXBuildFile; fileRef = 50A4537F1CB787BB00303D4E /* ViewController.m */; };
		50A453831CB787BB00303D4E /* Main.storyboard in Resources */ = {isa = PBXBuildFile; fileRef = 50A453811CB787BB00303D4E /* Main.storyboard */; };
		50A453851CB787BB00303D4E /* Assets.xcassets in Resources */ = {isa = PBXBuildFile; fileRef = 50A453841CB787BB00303D4E /* Assets.xcassets */; };
		50A453881CB787BB00303D4E /* LaunchScreen.storyboard in Resources */ = {isa = PBXBuildFile; fileRef = 50A453861CB787BB00303D4E /* LaunchScreen.storyboard */; };
		50A453931CB787BB00303D4E /* CalculatorTests.m in Sources */ = {isa = PBXBuildFile; fileRef = 50A453921CB787BB00303D4E /* CalculatorTests.m */; };
		50A4539E1CB787BB00303D4E /* CalculatorUITests.m in Sources */ = {isa = PBXBuildFile; fileRef = 50A4539D1CB787BB00303D4E /* CalculatorUITests.m */; };
/* End PBXBuildFile section */

/* Begin PBXContainerItemProxy section */
		50A4538F1CB787BB00303D4E /* PBXContainerItemProxy */ = {
			isa = PBXContainerItemProxy;
			containerPortal = 50A4536D1CB787BB00303D4E /* Project object */;
			proxyType = 1;
			remoteGlobalIDString = 50A453741CB787BB00303D4E;
			remoteInfo = Calculator;
		};
		50A4539A1CB787BB00303D4E /* PBXContainerItemProxy */ = {
			isa = PBXContainerItemProxy;
			containerPortal = 50A4536D1CB787BB00303D4E /* Project object */;
			proxyType = 1;
			remoteGlobalIDString = 50A453741CB787BB00303D4E;
			remoteInfo = Calculator;
		};
/* End PBXContainerItemProxy section */

/* Begin PBXFileReference section */
		50A453751CB787BB00303D4E /* Calculator.app */ = {isa = PBXFileReference; explicitFileType = wrapper.application; includeInIndex = 0; path = Calculator.app; sourceTree = BUILT_PRODUCTS_DIR; };
		50A453791CB787BB00303D4E /* main.m */ = {isa = PBXFileReference; lastKnownFileType = sourcecode.c.objc; path = main.m; sourceTree = "<group>"; };
		50A4537B1CB787BB00303D4E /* AppDelegate.h */ = {isa = PBXFileReference; lastKnownFileType = sourcecode.c.h; path = AppDelegate.h; sourceTree = "<group>"; };
		50A4537C1CB787BB00303D4E /* AppDelegate.m */ = {isa = PBXFileReference; lastKnownFileType = sourcecode.c.objc; path = AppDelegate.m; sourceTree = "<group>"; };
		50A4537E1CB787BB00303D4E /* ViewController.h */ = {isa = PBXFileReference; lastKnownFileType = sourcecode.c.h; path = ViewController.h; sourceTree = "<group>"; };
		50A4537F1CB787BB00303D4E /* ViewController.m */ = {isa = PBXFileReference; lastKnownFileType = sourcecode.c.objc; path = ViewController.m; sourceTree = "<group>"; };
		50A453821CB787BB00303D4E /* Base */ = {isa = PBXFileReference; lastKnownFileType = file.storyboard; name = Base; path = Base.lproj/Main.storyboard; sourceTree = "<group>"; };
		50A453841CB787BB00303D4E /* Assets.xcassets */ = {isa = PBXFileReference; lastKnownFileType = folder.assetcatalog; path = Assets.xcassets; sourceTree = "<group>"; };
		50A453871CB787BB00303D4E /* Base */ = {isa = PBXFileReference; lastKnownFileType = file.storyboard; name = Base; path = Base.lproj/LaunchScreen.storyboard; sourceTree = "<group>"; };
		50A453891CB787BB00303D4E /* Info.plist */ = {isa = PBXFileReference; lastKnownFileType = text.plist.xml; path = Info.plist; sourceTree = "<group>"; };
		50A4538E1CB787BB00303D4E /* CalculatorTests.xctest */ = {isa = PBXFileReference; explicitFileType = wrapper.cfbundle; includeInIndex = 0; path = CalculatorTests.xctest; sourceTree = BUILT_PRODUCTS_DIR; };
		50A453921CB787BB00303D4E /* CalculatorTests.m */ = {isa = PBXFileReference; lastKnownFileType = sourcecode.c.objc; path = CalculatorTests.m; sourceTree = "<group>"; };
		50A453941CB787BB00303D4E /* Info.plist */ = {isa = PBXFileReference; lastKnownFileType = text.plist.xml; path = Info.plist; sourceTree = "<group>"; };
		50A453991CB787BB00303D4E /* CalculatorUITests.xctest */ = {isa = PBXFileReference; explicitFileType = wrapper.cfbundle; includeInIndex = 0; path = CalculatorUITests.xctest; sourceTree = BUILT_PRODUCTS_DIR; };
		50A4539D1CB787BB00303D4E /* CalculatorUITests.m */ = {isa = PBXFileReference; lastKnownFileType = sourcecode.c.objc; path = CalculatorUITests.m; sourceTree = "<group>"; };
		50A4539F1CB787BB00303D4E /* Info.plist */ = {isa = PBXFileReference; lastKnownFileType = text.plist.xml; path = Info.plist; sourceTree = "<group>"; };
/* End PBXFileReference section */

/* Begin PBXFrameworksBuildPhase section */
		50A453721CB787BB00303D4E /* Frameworks */ = {
			isa = PBXFrameworksBuildPhase;
			buildActionMask = 2147483647;
			files = (
			);
			runOnlyForDeploymentPostprocessing = 0;
		};
		50A4538B1CB787BB00303D4E /* Frameworks */ = {
			isa = PBXFrameworksBuildPhase;
			buildActionMask = 2147483647;
			files = (
			);
			runOnlyForDeploymentPostprocessing = 0;
		};
		50A453961CB787BB00303D4E /* Frameworks */ = {
			isa = PBXFrameworksBuildPhase;
			buildActionMask = 2147483647;
			files = (
			);
			runOnlyForDeploymentPostprocessing = 0;
		};
/* End PBXFrameworksBuildPhase section */

/* Begin PBXGroup section */
		50A4536C1CB787BB00303D4E = {
			isa = PBXGroup;
			children = (
				50A453771CB787BB00303D4E /* Calculator */,
				50A453911CB787BB00303D4E /* CalculatorTests */,
				50A4539C1CB787BB00303D4E /* CalculatorUITests */,
				50A453761CB787BB00303D4E /* Products */,
			);
			sourceTree = "<group>";
		};
		50A453761CB787BB00303D4E /* Products */ = {
			isa = PBXGroup;
			children = (
				50A453751CB787BB00303D4E /* Calculator.app */,
				50A4538E1CB787BB00303D4E /* CalculatorTests.xctest */,
				50A453991CB787BB00303D4E /* CalculatorUITests.xctest */,
			);
			name = Products;
			sourceTree = "<group>";
		};
		50A453771CB787BB00303D4E /* Calculator */ = {
			isa = PBXGroup;
			children = (
				50A4537B1CB787BB00303D4E /* AppDelegate.h */,
				50A4537C1CB787BB00303D4E /* AppDelegate.m */,
				50A4537E1CB787BB00303D4E /* ViewController.h */,
				50A4537F1CB787BB00303D4E /* ViewController.m */,
				50A453811CB787BB00303D4E /* Main.storyboard */,
				50A453841CB787BB00303D4E /* Assets.xcassets */,
				50A453861CB787BB00303D4E /* LaunchScreen.storyboard */,
				50A453891CB787BB00303D4E /* Info.plist */,
				50A453781CB787BB00303D4E /* Supporting Files */,
			);
			path = Calculator;
			sourceTree = "<group>";
		};
		50A453781CB787BB00303D4E /* Supporting Files */ = {
			isa = PBXGroup;
			children = (
				50A453791CB787BB00303D4E /* main.m */,
			);
			name = "Supporting Files";
			sourceTree = "<group>";
		};
		50A453911CB787BB00303D4E /* CalculatorTests */ = {
			isa = PBXGroup;
			children = (
				50A453921CB787BB00303D4E /* CalculatorTests.m */,
				50A453941CB787BB00303D4E /* Info.plist */,
			);
			path = CalculatorTests;
			sourceTree = "<group>";
		};
		50A4539C1CB787BB00303D4E /* CalculatorUITests */ = {
			isa = PBXGroup;
			children = (
				50A4539D1CB787BB00303D4E /* CalculatorUITests.m */,
				50A4539F1CB787BB00303D4E /* Info.plist */,
			);
			path = CalculatorUITests;
			sourceTree = "<group>";
		};
/* End PBXGroup section */

/* Begin PBXNativeTarget section */
		50A453741CB787BB00303D4E /* Calculator */ = {
			isa = PBXNativeTarget;
			buildConfigurationList = 50A453A21CB787BB00303D4E /* Build configuration list for PBXNativeTarget "Calculator" */;
			buildPhases = (
				50A453711CB787BB00303D4E /* Sources */,
				50A453721CB787BB00303D4E /* Frameworks */,
				50A453731CB787BB00303D4E /* Resources */,
			);
			buildRules = (
			);
			dependencies = (
			);
			name = Calculator;
			productName = Calculator;
			productReference = 50A453751CB787BB00303D4E /* Calculator.app */;
			productType = "com.apple.product-type.application";
		};
		50A4538D1CB787BB00303D4E /* CalculatorTests */ = {
			isa = PBXNativeTarget;
			buildConfigurationList = 50A453A51CB787BB00303D4E /* Build configuration list for PBXNativeTarget "CalculatorTests" */;
			buildPhases = (
				50A4538A1CB787BB00303D4E /* Sources */,
				50A4538B1CB787BB00303D4E /* Frameworks */,
				50A4538C1CB787BB00303D4E /* Resources */,
			);
			buildRules = (
			);
			dependencies = (
				50A453901CB787BB00303D4E /* PBXTargetDependency */,
			);
			name = CalculatorTests;
			productName = CalculatorTests;
			productReference = 50A4538E1CB787BB00303D4E /* CalculatorTests.xctest */;
			productType = "com.apple.product-type.bundle.unit-test";
		};
		50A453981CB787BB00303D4E /* CalculatorUITests */ = {
			isa = PBXNativeTarget;
			buildConfigurationList = 50A453A81CB787BB00303D4E /* Build configuration list for PBXNativeTarget "CalculatorUITests" */;
			buildPhases = (
				50A453951CB787BB00303D4E /* Sources */,
				50A453961CB787BB00303D4E /* Frameworks */,
				50A453971CB787BB00303D4E /* Resources */,
			);
			buildRules = (
			);
			dependencies = (
				50A4539B1CB787BB00303D4E /* PBXTargetDependency */,
			);
			name = CalculatorUITests;
			productName = CalculatorUITests;
			productReference = 50A453991CB787BB00303D4E /* CalculatorUITests.xctest */;
			productType = "com.apple.product-type.bundle.ui-testing";
		};
/* End PBXNativeTarget section */

/* Begin PBXProject section */
		50A4536D1CB787BB00303D4E /* Project object */ = {
			isa = PBXProject;
			attributes = {
				LastUpgradeCheck = 0720;
				ORGANIZATIONNAME = albert;
				TargetAttributes = {
					50A453741CB787BB00303D4E = {
						CreatedOnToolsVersion = 7.2.1;
					};
					50A4538D1CB787BB00303D4E = {
						CreatedOnToolsVersion = 7.2.1;
						TestTargetID = 50A453741CB787BB00303D4E;
					};
					50A453981CB787BB00303D4E = {
						CreatedOnToolsVersion = 7.2.1;
						TestTargetID = 50A453741CB787BB00303D4E;
					};
				};
			};
			buildConfigurationList = 50A453701CB787BB00303D4E /* Build configuration list for PBXProject "Calculator" */;
			compatibilityVersion = "Xcode 3.2";
			developmentRegion = English;
			hasScannedForEncodings = 0;
			knownRegions = (
				en,
				Base,
			);
			mainGroup = 50A4536C1CB787BB00303D4E;
			productRefGroup = 50A453761CB787BB00303D4E /* Products */;
			projectDirPath = "";
			projectRoot = "";
			targets = (
				50A453741CB787BB00303D4E /* Calculator */,
				50A4538D1CB787BB00303D4E /* CalculatorTests */,
				50A453981CB787BB00303D4E /* CalculatorUITests */,
			);
		};
/* End PBXProject section */

/* Begin PBXResourcesBuildPhase section */
		50A453731CB787BB00303D4E /* Resources */ = {
			isa = PBXResourcesBuildPhase;
			buildActionMask = 2147483647;
			files = (
				50A453881CB787BB00303D4E /* LaunchScreen.storyboard in Resources */,
				50A453851CB787BB00303D4E /* Assets.xcassets in Resources */,
				50A453831CB787BB00303D4E /* Main.storyboard in Resources */,
			);
			runOnlyForDeploymentPostprocessing = 0;
		};
		50A4538C1CB787BB00303D4E /* Resources */ = {
			isa = PBXResourcesBuildPhase;
			buildActionMask = 2147483647;
			files = (
			);
			runOnlyForDeploymentPostprocessing = 0;
		};
		50A453971CB787BB00303D4E /* Resources */ = {
			isa = PBXResourcesBuildPhase;
			buildActionMask = 2147483647;
			files = (
			);
			runOnlyForDeploymentPostprocessing = 0;
		};
/* End PBXResourcesBuildPhase section */

/* Begin PBXSourcesBuildPhase section */
		50A453711CB787BB00303D4E /* Sources */ = {
			isa = PBXSourcesBuildPhase;
			buildActionMask = 2147483647;
			files = (
				50A453801CB787BB00303D4E /* ViewController.m in Sources */,
				50A4537D1CB787BB00303D4E /* AppDelegate.m in Sources */,
				50A4537A1CB787BB00303D4E /* main.m in Sources */,
			);
			runOnlyForDeploymentPostprocessing = 0;
		};
		50A4538A1CB787BB00303D4E /* Sources */ = {
			isa = PBXSourcesBuildPhase;
			buildActionMask = 2147483647;
			files = (
				50A453931CB787BB00303D4E /* CalculatorTests.m in Sources */,
			);
			runOnlyForDeploymentPostprocessing = 0;
		};
		50A453951CB787BB00303D4E /* Sources */ = {
			isa = PBXSourcesBuildPhase;
			buildActionMask = 2147483647;
			files = (
				50A4539E1CB787BB00303D4E /* CalculatorUITests.m in Sources */,
			);
			runOnlyForDeploymentPostprocessing = 0;
		};
/* End PBXSourcesBuildPhase section */

/* Begin PBXTargetDependency section */
		50A453901CB787BB00303D4E /* PBXTargetDependency */ = {
			isa = PBXTargetDependency;
			target = 50A453741CB787BB00303D4E /* Calculator */;
			targetProxy = 50A4538F1CB787BB00303D4E /* PBXContainerItemProxy */;
		};
		50A4539B1CB787BB00303D4E /* PBXTargetDependency */ = {
			isa = PBXTargetDependency;
			target = 50A453741CB787BB00303D4E /* Calculator */;
			targetProxy = 50A4539A1CB787BB00303D4E /* PBXContainerItemProxy */;
		};
/* End PBXTargetDependency section */

/* Begin PBXVariantGroup section */
		50A453811CB787BB00303D4E /* Main.storyboard */ = {
			isa = PBXVariantGroup;
			children = (
				50A453821CB787BB00303D4E /* Base */,
			);
			name = Main.storyboard;
			sourceTree = "<group>";
		};
		50A453861CB787BB00303D4E /* LaunchScreen.storyboard */ = {
			isa = PBXVariantGroup;
			children = (
				50A453871CB787BB00303D4E /* Base */,
			);
			name = LaunchScreen.storyboard;
			sourceTree = "<group>";
		};
/* End PBXVariantGroup section */

/* Begin XCBuildConfiguration section */
		50A453A01CB787BB00303D4E /* Debug */ = {
			isa = XCBuildConfiguration;
			buildSettings = {
				ALWAYS_SEARCH_USER_PATHS = NO;
				CLANG_CXX_LANGUAGE_STANDARD = "gnu++0x";
				CLANG_CXX_LIBRARY = "libc++";
				CLANG_ENABLE_MODULES = YES;
				CLANG_ENABLE_OBJC_ARC = YES;
				CLANG_WARN_BOOL_CONVERSION = YES;
				CLANG_WARN_CONSTANT_CONVERSION = YES;
				CLANG_WARN_DIRECT_OBJC_ISA_USAGE = YES_ERROR;
				CLANG_WARN_EMPTY_BODY = YES;
				CLANG_WARN_ENUM_CONVERSION = YES;
				CLANG_WARN_INT_CONVERSION = YES;
				CLANG_WARN_OBJC_ROOT_CLASS = YES_ERROR;
				CLANG_WARN_UNREACHABLE_CODE = YES;
				CLANG_WARN__DUPLICATE_METHOD_MATCH = YES;
				"CODE_SIGN_IDENTITY[sdk=iphoneos*]" = "iPhone Developer";
				COPY_PHASE_STRIP = NO;
				DEBUG_INFORMATION_FORMAT = dwarf;
				ENABLE_STRICT_OBJC_MSGSEND = YES;
				ENABLE_TESTABILITY = YES;
				GCC_C_LANGUAGE_STANDARD = gnu99;
				GCC_DYNAMIC_NO_PIC = NO;
				GCC_NO_COMMON_BLOCKS = YES;
				GCC_OPTIMIZATION_LEVEL = 0;
				GCC_PREPROCESSOR_DEFINITIONS = (
					"DEBUG=1",
					"$(inherited)",
				);
				GCC_WARN_64_TO_32_BIT_CONVERSION = YES;
				GCC_WARN_ABOUT_RETURN_TYPE = YES_ERROR;
				GCC_WARN_UNDECLARED_SELECTOR = YES;
				GCC_WARN_UNINITIALIZED_AUTOS = YES_AGGRESSIVE;
				GCC_WARN_UNUSED_FUNCTION = YES;
				GCC_WARN_UNUSED_VARIABLE = YES;
				IPHONEOS_DEPLOYMENT_TARGET = 9.2;
				MTL_ENABLE_DEBUG_INFO = YES;
				ONLY_ACTIVE_ARCH = YES;
				SDKROOT = iphoneos;
			};
			name = Debug;
		};
		50A453A11CB787BB00303D4E /* Release */ = {
			isa = XCBuildConfiguration;
			buildSettings = {
				ALWAYS_SEARCH_USER_PATHS = NO;
				CLANG_CXX_LANGUAGE_STANDARD = "gnu++0x";
				CLANG_CXX_LIBRARY = "libc++";
				CLANG_ENABLE_MODULES = YES;
				CLANG_ENABLE_OBJC_ARC = YES;
				CLANG_WARN_BOOL_CONVERSION = YES;
				CLANG_WARN_CONSTANT_CONVERSION = YES;
				CLANG_WARN_DIRECT_OBJC_ISA_USAGE = YES_ERROR;
				CLANG_WARN_EMPTY_BODY = YES;
				CLANG_WARN_ENUM_CONVERSION = YES;
				CLANG_WARN_INT_CONVERSION = YES;
				CLANG_WARN_OBJC_ROOT_CLASS = YES_ERROR;
				CLANG_WARN_UNREACHABLE_CODE = YES;
				CLANG_WARN__DUPLICATE_METHOD_MATCH = YES;
				"CODE_SIGN_IDENTITY[sdk=iphoneos*]" = "iPhone Developer";
				COPY_PHASE_STRIP = NO;
				DEBUG_INFORMATION_FORMAT = "dwarf-with-dsym";
				ENABLE_NS_ASSERTIONS = NO;
				ENABLE_STRICT_OBJC_MSGSEND = YES;
				GCC_C_LANGUAGE_STANDARD = gnu99;
				GCC_NO_COMMON_BLOCKS = YES;
				GCC_WARN_64_TO_32_BIT_CONVERSION = YES;
				GCC_WARN_ABOUT_RETURN_TYPE = YES_ERROR;
				GCC_WARN_UNDECLARED_SELECTOR = YES;
				GCC_WARN_UNINITIALIZED_AUTOS = YES_AGGRESSIVE;
				GCC_WARN_UNUSED_FUNCTION = YES;
				GCC_WARN_UNUSED_VARIABLE = YES;
				IPHONEOS_DEPLOYMENT_TARGET = 9.2;
				MTL_ENABLE_DEBUG_INFO = NO;
				SDKROOT = iphoneos;
				VALIDATE_PRODUCT = YES;
			};
			name = Release;
		};
		50A453A31CB787BB00303D4E /* Debug */ = {
			isa = XCBuildConfiguration;
			buildSettings = {
				ASSETCATALOG_COMPILER_APPICON_NAME = AppIcon;
				INFOPLIST_FILE = Calculator/Info.plist;
				LD_RUNPATH_SEARCH_PATHS = "$(inherited) @executable_path/Frameworks";
				PRODUCT_BUNDLE_IDENTIFIER = com.albert.Calculator;
				PRODUCT_NAME = "$(TARGET_NAME)";
			};
			name = Debug;
		};
		50A453A41CB787BB00303D4E /* Release */ = {
			isa = XCBuildConfiguration;
			buildSettings = {
				ASSETCATALOG_COMPILER_APPICON_NAME = AppIcon;
				INFOPLIST_FILE = Calculator/Info.plist;
				LD_RUNPATH_SEARCH_PATHS = "$(inherited) @executable_path/Frameworks";
				PRODUCT_BUNDLE_IDENTIFIER = com.albert.Calculator;
				PRODUCT_NAME = "$(TARGET_NAME)";
			};
			name = Release;
		};
		50A453A61CB787BB00303D4E /* Debug */ = {
			isa = XCBuildConfiguration;
			buildSettings = {
				BUNDLE_LOADER = "$(TEST_HOST)";
				INFOPLIST_FILE = CalculatorTests/Info.plist;
				LD_RUNPATH_SEARCH_PATHS = "$(inherited) @executable_path/Frameworks @loader_path/Frameworks";
				PRODUCT_BUNDLE_IDENTIFIER = com.albert.CalculatorTests;
				PRODUCT_NAME = "$(TARGET_NAME)";
				TEST_HOST = "$(BUILT_PRODUCTS_DIR)/Calculator.app/Calculator";
			};
			name = Debug;
		};
		50A453A71CB787BB00303D4E /* Release */ = {
			isa = XCBuildConfiguration;
			buildSettings = {
				BUNDLE_LOADER = "$(TEST_HOST)";
				INFOPLIST_FILE = CalculatorTests/Info.plist;
				LD_RUNPATH_SEARCH_PATHS = "$(inherited) @executable_path/Frameworks @loader_path/Frameworks";
				PRODUCT_BUNDLE_IDENTIFIER = com.albert.CalculatorTests;
				PRODUCT_NAME = "$(TARGET_NAME)";
				TEST_HOST = "$(BUILT_PRODUCTS_DIR)/Calculator.app/Calculator";
			};
			name = Release;
		};
		50A453A91CB787BB00303D4E /* Debug */ = {
			isa = XCBuildConfiguration;
			buildSettings = {
				INFOPLIST_FILE = CalculatorUITests/Info.plist;
				LD_RUNPATH_SEARCH_PATHS = "$(inherited) @executable_path/Frameworks @loader_path/Frameworks";
				PRODUCT_BUNDLE_IDENTIFIER = com.albert.CalculatorUITests;
				PRODUCT_NAME = "$(TARGET_NAME)";
				TEST_TARGET_NAME = Calculator;
				USES_XCTRUNNER = YES;
			};
			name = Debug;
		};
		50A453AA1CB787BB00303D4E /* Release */ = {
			isa = XCBuildConfiguration;
			buildSettings = {
				INFOPLIST_FILE = CalculatorUITests/Info.plist;
				LD_RUNPATH_SEARCH_PATHS = "$(inherited) @executable_path/Frameworks @loader_path/Frameworks";
				PRODUCT_BUNDLE_IDENTIFIER = com.albert.CalculatorUITests;
				PRODUCT_NAME = "$(TARGET_NAME)";
				TEST_TARGET_NAME = Calculator;
				USES_XCTRUNNER = YES;
			};
			name = Release;
		};
/* End XCBuildConfiguration section */

/* Begin XCConfigurationList section */
		50A453701CB787BB00303D4E /* Build configuration list for PBXProject "Calculator" */ = {
			isa = XCConfigurationList;
			buildConfigurations = (
				50A453A01CB787BB00303D4E /* Debug */,
				50A453A11CB787BB00303D4E /* Release */,
			);
			defaultConfigurationIsVisible = 0;
			defaultConfigurationName = Release;
		};
		50A453A21CB787BB00303D4E /* Build configuration list for PBXNativeTarget "Calculator" */ = {
			isa = XCConfigurationList;
			buildConfigurations = (
				50A453A31CB787BB00303D4E /* Debug */,
				50A453A41CB787BB00303D4E /* Release */,
			);
			defaultConfigurationIsVisible = 0;
		};
		50A453A51CB787BB00303D4E /* Build configuration list for PBXNativeTarget "CalculatorTests" */ = {
			isa = XCConfigurationList;
			buildConfigurations = (
				50A453A61CB787BB00303D4E /* Debug */,
				50A453A71CB787BB00303D4E /* Release */,
			);
			defaultConfigurationIsVisible = 0;
		};
		50A453A81CB787BB00303D4E /* Build configuration list for PBXNativeTarget "CalculatorUITests" */ = {
			isa = XCConfigurationList;
			buildConfigurations = (
				50A453A91CB787BB00303D4E /* Debug */,
				50A453AA1CB787BB00303D4E /* Release */,
			);
			defaultConfigurationIsVisible = 0;
		};
/* End XCConfigurationList section */
	};
	rootObject = 50A4536D1CB787BB00303D4E /* Project object */;
}
