// !$*UTF8*$!
{
	archiveVersion = 1;
	classes = {
	};
	objectVersion = 46;
	objects = {

/* Begin PBXBuildFile section */
		507AE7EC1CB7603400E6A184 /* main.m in Sources */ = {isa = PBXBuildFile; fileRef = 507AE7EB1CB7603400E6A184 /* main.m */; };
		507AE7EF1CB7603400E6A184 /* AppDelegate.m in Sources */ = {isa = PBXBuildFile; fileRef = 507AE7EE1CB7603400E6A184 /* AppDelegate.m */; };
		507AE7F21CB7603400E6A184 /* ViewController.m in Sources */ = {isa = PBXBuildFile; fileRef = 507AE7F11CB7603400E6A184 /* ViewController.m */; };
		507AE7F51CB7603400E6A184 /* Main.storyboard in Resources */ = {isa = PBXBuildFile; fileRef = 507AE7F31CB7603400E6A184 /* Main.storyboard */; };
		507AE7F71CB7603400E6A184 /* Assets.xcassets in Resources */ = {isa = PBXBuildFile; fileRef = 507AE7F61CB7603400E6A184 /* Assets.xcassets */; };
		507AE7FA1CB7603400E6A184 /* LaunchScreen.storyboard in Resources */ = {isa = PBXBuildFile; fileRef = 507AE7F81CB7603400E6A184 /* LaunchScreen.storyboard */; };
		507AE8051CB7603400E6A184 /* DropitTests.m in Sources */ = {isa = PBXBuildFile; fileRef = 507AE8041CB7603400E6A184 /* DropitTests.m */; };
		507AE8101CB7603400E6A184 /* DropitUITests.m in Sources */ = {isa = PBXBuildFile; fileRef = 507AE80F1CB7603400E6A184 /* DropitUITests.m */; };
/* End PBXBuildFile section */

/* Begin PBXContainerItemProxy section */
		507AE8011CB7603400E6A184 /* PBXContainerItemProxy */ = {
			isa = PBXContainerItemProxy;
			containerPortal = 507AE7DF1CB7603400E6A184 /* Project object */;
			proxyType = 1;
			remoteGlobalIDString = 507AE7E61CB7603400E6A184;
			remoteInfo = Dropit;
		};
		507AE80C1CB7603400E6A184 /* PBXContainerItemProxy */ = {
			isa = PBXContainerItemProxy;
			containerPortal = 507AE7DF1CB7603400E6A184 /* Project object */;
			proxyType = 1;
			remoteGlobalIDString = 507AE7E61CB7603400E6A184;
			remoteInfo = Dropit;
		};
/* End PBXContainerItemProxy section */

/* Begin PBXFileReference section */
		507AE7E71CB7603400E6A184 /* Dropit.app */ = {isa = PBXFileReference; explicitFileType = wrapper.application; includeInIndex = 0; path = Dropit.app; sourceTree = BUILT_PRODUCTS_DIR; };
		507AE7EB1CB7603400E6A184 /* main.m */ = {isa = PBXFileReference; lastKnownFileType = sourcecode.c.objc; path = main.m; sourceTree = "<group>"; };
		507AE7ED1CB7603400E6A184 /* AppDelegate.h */ = {isa = PBXFileReference; lastKnownFileType = sourcecode.c.h; path = AppDelegate.h; sourceTree = "<group>"; };
		507AE7EE1CB7603400E6A184 /* AppDelegate.m */ = {isa = PBXFileReference; lastKnownFileType = sourcecode.c.objc; path = AppDelegate.m; sourceTree = "<group>"; };
		507AE7F01CB7603400E6A184 /* ViewController.h */ = {isa = PBXFileReference; lastKnownFileType = sourcecode.c.h; path = ViewController.h; sourceTree = "<group>"; };
		507AE7F11CB7603400E6A184 /* ViewController.m */ = {isa = PBXFileReference; lastKnownFileType = sourcecode.c.objc; path = ViewController.m; sourceTree = "<group>"; };
		507AE7F41CB7603400E6A184 /* Base */ = {isa = PBXFileReference; lastKnownFileType = file.storyboard; name = Base; path = Base.lproj/Main.storyboard; sourceTree = "<group>"; };
		507AE7F61CB7603400E6A184 /* Assets.xcassets */ = {isa = PBXFileReference; lastKnownFileType = folder.assetcatalog; path = Assets.xcassets; sourceTree = "<group>"; };
		507AE7F91CB7603400E6A184 /* Base */ = {isa = PBXFileReference; lastKnownFileType = file.storyboard; name = Base; path = Base.lproj/LaunchScreen.storyboard; sourceTree = "<group>"; };
		507AE7FB1CB7603400E6A184 /* Info.plist */ = {isa = PBXFileReference; lastKnownFileType = text.plist.xml; path = Info.plist; sourceTree = "<group>"; };
		507AE8001CB7603400E6A184 /* DropitTests.xctest */ = {isa = PBXFileReference; explicitFileType = wrapper.cfbundle; includeInIndex = 0; path = DropitTests.xctest; sourceTree = BUILT_PRODUCTS_DIR; };
		507AE8041CB7603400E6A184 /* DropitTests.m */ = {isa = PBXFileReference; lastKnownFileType = sourcecode.c.objc; path = DropitTests.m; sourceTree = "<group>"; };
		507AE8061CB7603400E6A184 /* Info.plist */ = {isa = PBXFileReference; lastKnownFileType = text.plist.xml; path = Info.plist; sourceTree = "<group>"; };
		507AE80B1CB7603400E6A184 /* DropitUITests.xctest */ = {isa = PBXFileReference; explicitFileType = wrapper.cfbundle; includeInIndex = 0; path = DropitUITests.xctest; sourceTree = BUILT_PRODUCTS_DIR; };
		507AE80F1CB7603400E6A184 /* DropitUITests.m */ = {isa = PBXFileReference; lastKnownFileType = sourcecode.c.objc; path = DropitUITests.m; sourceTree = "<group>"; };
		507AE8111CB7603400E6A184 /* Info.plist */ = {isa = PBXFileReference; lastKnownFileType = text.plist.xml; path = Info.plist; sourceTree = "<group>"; };
/* End PBXFileReference section */

/* Begin PBXFrameworksBuildPhase section */
		507AE7E41CB7603400E6A184 /* Frameworks */ = {
			isa = PBXFrameworksBuildPhase;
			buildActionMask = 2147483647;
			files = (
			);
			runOnlyForDeploymentPostprocessing = 0;
		};
		507AE7FD1CB7603400E6A184 /* Frameworks */ = {
			isa = PBXFrameworksBuildPhase;
			buildActionMask = 2147483647;
			files = (
			);
			runOnlyForDeploymentPostprocessing = 0;
		};
		507AE8081CB7603400E6A184 /* Frameworks */ = {
			isa = PBXFrameworksBuildPhase;
			buildActionMask = 2147483647;
			files = (
			);
			runOnlyForDeploymentPostprocessing = 0;
		};
/* End PBXFrameworksBuildPhase section */

/* Begin PBXGroup section */
		507AE7DE1CB7603400E6A184 = {
			isa = PBXGroup;
			children = (
				507AE7E91CB7603400E6A184 /* Dropit */,
				507AE8031CB7603400E6A184 /* DropitTests */,
				507AE80E1CB7603400E6A184 /* DropitUITests */,
				507AE7E81CB7603400E6A184 /* Products */,
			);
			sourceTree = "<group>";
		};
		507AE7E81CB7603400E6A184 /* Products */ = {
			isa = PBXGroup;
			children = (
				507AE7E71CB7603400E6A184 /* Dropit.app */,
				507AE8001CB7603400E6A184 /* DropitTests.xctest */,
				507AE80B1CB7603400E6A184 /* DropitUITests.xctest */,
			);
			name = Products;
			sourceTree = "<group>";
		};
		507AE7E91CB7603400E6A184 /* Dropit */ = {
			isa = PBXGroup;
			children = (
				507AE7ED1CB7603400E6A184 /* AppDelegate.h */,
				507AE7EE1CB7603400E6A184 /* AppDelegate.m */,
				507AE7F01CB7603400E6A184 /* ViewController.h */,
				507AE7F11CB7603400E6A184 /* ViewController.m */,
				507AE7F31CB7603400E6A184 /* Main.storyboard */,
				507AE7F61CB7603400E6A184 /* Assets.xcassets */,
				507AE7F81CB7603400E6A184 /* LaunchScreen.storyboard */,
				507AE7FB1CB7603400E6A184 /* Info.plist */,
				507AE7EA1CB7603400E6A184 /* Supporting Files */,
			);
			path = Dropit;
			sourceTree = "<group>";
		};
		507AE7EA1CB7603400E6A184 /* Supporting Files */ = {
			isa = PBXGroup;
			children = (
				507AE7EB1CB7603400E6A184 /* main.m */,
			);
			name = "Supporting Files";
			sourceTree = "<group>";
		};
		507AE8031CB7603400E6A184 /* DropitTests */ = {
			isa = PBXGroup;
			children = (
				507AE8041CB7603400E6A184 /* DropitTests.m */,
				507AE8061CB7603400E6A184 /* Info.plist */,
			);
			path = DropitTests;
			sourceTree = "<group>";
		};
		507AE80E1CB7603400E6A184 /* DropitUITests */ = {
			isa = PBXGroup;
			children = (
				507AE80F1CB7603400E6A184 /* DropitUITests.m */,
				507AE8111CB7603400E6A184 /* Info.plist */,
			);
			path = DropitUITests;
			sourceTree = "<group>";
		};
/* End PBXGroup section */

/* Begin PBXNativeTarget section */
		507AE7E61CB7603400E6A184 /* Dropit */ = {
			isa = PBXNativeTarget;
			buildConfigurationList = 507AE8141CB7603400E6A184 /* Build configuration list for PBXNativeTarget "Dropit" */;
			buildPhases = (
				507AE7E31CB7603400E6A184 /* Sources */,
				507AE7E41CB7603400E6A184 /* Frameworks */,
				507AE7E51CB7603400E6A184 /* Resources */,
			);
			buildRules = (
			);
			dependencies = (
			);
			name = Dropit;
			productName = Dropit;
			productReference = 507AE7E71CB7603400E6A184 /* Dropit.app */;
			productType = "com.apple.product-type.application";
		};
		507AE7FF1CB7603400E6A184 /* DropitTests */ = {
			isa = PBXNativeTarget;
			buildConfigurationList = 507AE8171CB7603400E6A184 /* Build configuration list for PBXNativeTarget "DropitTests" */;
			buildPhases = (
				507AE7FC1CB7603400E6A184 /* Sources */,
				507AE7FD1CB7603400E6A184 /* Frameworks */,
				507AE7FE1CB7603400E6A184 /* Resources */,
			);
			buildRules = (
			);
			dependencies = (
				507AE8021CB7603400E6A184 /* PBXTargetDependency */,
			);
			name = DropitTests;
			productName = DropitTests;
			productReference = 507AE8001CB7603400E6A184 /* DropitTests.xctest */;
			productType = "com.apple.product-type.bundle.unit-test";
		};
		507AE80A1CB7603400E6A184 /* DropitUITests */ = {
			isa = PBXNativeTarget;
			buildConfigurationList = 507AE81A1CB7603400E6A184 /* Build configuration list for PBXNativeTarget "DropitUITests" */;
			buildPhases = (
				507AE8071CB7603400E6A184 /* Sources */,
				507AE8081CB7603400E6A184 /* Frameworks */,
				507AE8091CB7603400E6A184 /* Resources */,
			);
			buildRules = (
			);
			dependencies = (
				507AE80D1CB7603400E6A184 /* PBXTargetDependency */,
			);
			name = DropitUITests;
			productName = DropitUITests;
			productReference = 507AE80B1CB7603400E6A184 /* DropitUITests.xctest */;
			productType = "com.apple.product-type.bundle.ui-testing";
		};
/* End PBXNativeTarget section */

/* Begin PBXProject section */
		507AE7DF1CB7603400E6A184 /* Project object */ = {
			isa = PBXProject;
			attributes = {
				LastUpgradeCheck = 0720;
				ORGANIZATIONNAME = albert;
				TargetAttributes = {
					507AE7E61CB7603400E6A184 = {
						CreatedOnToolsVersion = 7.2.1;
					};
					507AE7FF1CB7603400E6A184 = {
						CreatedOnToolsVersion = 7.2.1;
						TestTargetID = 507AE7E61CB7603400E6A184;
					};
					507AE80A1CB7603400E6A184 = {
						CreatedOnToolsVersion = 7.2.1;
						TestTargetID = 507AE7E61CB7603400E6A184;
					};
				};
			};
			buildConfigurationList = 507AE7E21CB7603400E6A184 /* Build configuration list for PBXProject "Dropit" */;
			compatibilityVersion = "Xcode 3.2";
			developmentRegion = English;
			hasScannedForEncodings = 0;
			knownRegions = (
				en,
				Base,
			);
			mainGroup = 507AE7DE1CB7603400E6A184;
			productRefGroup = 507AE7E81CB7603400E6A184 /* Products */;
			projectDirPath = "";
			projectRoot = "";
			targets = (
				507AE7E61CB7603400E6A184 /* Dropit */,
				507AE7FF1CB7603400E6A184 /* DropitTests */,
				507AE80A1CB7603400E6A184 /* DropitUITests */,
			);
		};
/* End PBXProject section */

/* Begin PBXResourcesBuildPhase section */
		507AE7E51CB7603400E6A184 /* Resources */ = {
			isa = PBXResourcesBuildPhase;
			buildActionMask = 2147483647;
			files = (
				507AE7FA1CB7603400E6A184 /* LaunchScreen.storyboard in Resources */,
				507AE7F71CB7603400E6A184 /* Assets.xcassets in Resources */,
				507AE7F51CB7603400E6A184 /* Main.storyboard in Resources */,
			);
			runOnlyForDeploymentPostprocessing = 0;
		};
		507AE7FE1CB7603400E6A184 /* Resources */ = {
			isa = PBXResourcesBuildPhase;
			buildActionMask = 2147483647;
			files = (
			);
			runOnlyForDeploymentPostprocessing = 0;
		};
		507AE8091CB7603400E6A184 /* Resources */ = {
			isa = PBXResourcesBuildPhase;
			buildActionMask = 2147483647;
			files = (
			);
			runOnlyForDeploymentPostprocessing = 0;
		};
/* End PBXResourcesBuildPhase section */

/* Begin PBXSourcesBuildPhase section */
		507AE7E31CB7603400E6A184 /* Sources */ = {
			isa = PBXSourcesBuildPhase;
			buildActionMask = 2147483647;
			files = (
				507AE7F21CB7603400E6A184 /* ViewController.m in Sources */,
				507AE7EF1CB7603400E6A184 /* AppDelegate.m in Sources */,
				507AE7EC1CB7603400E6A184 /* main.m in Sources */,
			);
			runOnlyForDeploymentPostprocessing = 0;
		};
		507AE7FC1CB7603400E6A184 /* Sources */ = {
			isa = PBXSourcesBuildPhase;
			buildActionMask = 2147483647;
			files = (
				507AE8051CB7603400E6A184 /* DropitTests.m in Sources */,
			);
			runOnlyForDeploymentPostprocessing = 0;
		};
		507AE8071CB7603400E6A184 /* Sources */ = {
			isa = PBXSourcesBuildPhase;
			buildActionMask = 2147483647;
			files = (
				507AE8101CB7603400E6A184 /* DropitUITests.m in Sources */,
			);
			runOnlyForDeploymentPostprocessing = 0;
		};
/* End PBXSourcesBuildPhase section */

/* Begin PBXTargetDependency section */
		507AE8021CB7603400E6A184 /* PBXTargetDependency */ = {
			isa = PBXTargetDependency;
			target = 507AE7E61CB7603400E6A184 /* Dropit */;
			targetProxy = 507AE8011CB7603400E6A184 /* PBXContainerItemProxy */;
		};
		507AE80D1CB7603400E6A184 /* PBXTargetDependency */ = {
			isa = PBXTargetDependency;
			target = 507AE7E61CB7603400E6A184 /* Dropit */;
			targetProxy = 507AE80C1CB7603400E6A184 /* PBXContainerItemProxy */;
		};
/* End PBXTargetDependency section */

/* Begin PBXVariantGroup section */
		507AE7F31CB7603400E6A184 /* Main.storyboard */ = {
			isa = PBXVariantGroup;
			children = (
				507AE7F41CB7603400E6A184 /* Base */,
			);
			name = Main.storyboard;
			sourceTree = "<group>";
		};
		507AE7F81CB7603400E6A184 /* LaunchScreen.storyboard */ = {
			isa = PBXVariantGroup;
			children = (
				507AE7F91CB7603400E6A184 /* Base */,
			);
			name = LaunchScreen.storyboard;
			sourceTree = "<group>";
		};
/* End PBXVariantGroup section */

/* Begin XCBuildConfiguration section */
		507AE8121CB7603400E6A184 /* Debug */ = {
			isa = XCBuildConfiguration;
			buildSettings = {
				ALWAYS_SEARCH_USER_PATHS = NO;
				CLANG_CXX_LANGUAGE_STANDARD = "gnu++0x";
				CLANG_CXX_LIBRARY = "libc++";
				CLANG_ENABLE_MODULES = YES;
				CLANG_ENABLE_OBJC_ARC = YES;
				CLANG_WARN_BOOL_CONVERSION = YES;
				CLANG_WARN_CONSTANT_CONVERSION = YES;
				CLANG_WARN_DIRECT_OBJC_ISA_USAGE = YES_ERROR;
				CLANG_WARN_EMPTY_BODY = YES;
				CLANG_WARN_ENUM_CONVERSION = YES;
				CLANG_WARN_INT_CONVERSION = YES;
				CLANG_WARN_OBJC_ROOT_CLASS = YES_ERROR;
				CLANG_WARN_UNREACHABLE_CODE = YES;
				CLANG_WARN__DUPLICATE_METHOD_MATCH = YES;
				"CODE_SIGN_IDENTITY[sdk=iphoneos*]" = "iPhone Developer";
				COPY_PHASE_STRIP = NO;
				DEBUG_INFORMATION_FORMAT = dwarf;
				ENABLE_STRICT_OBJC_MSGSEND = YES;
				ENABLE_TESTABILITY = YES;
				GCC_C_LANGUAGE_STANDARD = gnu99;
				GCC_DYNAMIC_NO_PIC = NO;
				GCC_NO_COMMON_BLOCKS = YES;
				GCC_OPTIMIZATION_LEVEL = 0;
				GCC_PREPROCESSOR_DEFINITIONS = (
					"DEBUG=1",
					"$(inherited)",
				);
				GCC_WARN_64_TO_32_BIT_CONVERSION = YES;
				GCC_WARN_ABOUT_RETURN_TYPE = YES_ERROR;
				GCC_WARN_UNDECLARED_SELECTOR = YES;
				GCC_WARN_UNINITIALIZED_AUTOS = YES_AGGRESSIVE;
				GCC_WARN_UNUSED_FUNCTION = YES;
				GCC_WARN_UNUSED_VARIABLE = YES;
				IPHONEOS_DEPLOYMENT_TARGET = 9.2;
				MTL_ENABLE_DEBUG_INFO = YES;
				ONLY_ACTIVE_ARCH = YES;
				SDKROOT = iphoneos;
			};
			name = Debug;
		};
		507AE8131CB7603400E6A184 /* Release */ = {
			isa = XCBuildConfiguration;
			buildSettings = {
				ALWAYS_SEARCH_USER_PATHS = NO;
				CLANG_CXX_LANGUAGE_STANDARD = "gnu++0x";
				CLANG_CXX_LIBRARY = "libc++";
				CLANG_ENABLE_MODULES = YES;
				CLANG_ENABLE_OBJC_ARC = YES;
				CLANG_WARN_BOOL_CONVERSION = YES;
				CLANG_WARN_CONSTANT_CONVERSION = YES;
				CLANG_WARN_DIRECT_OBJC_ISA_USAGE = YES_ERROR;
				CLANG_WARN_EMPTY_BODY = YES;
				CLANG_WARN_ENUM_CONVERSION = YES;
				CLANG_WARN_INT_CONVERSION = YES;
				CLANG_WARN_OBJC_ROOT_CLASS = YES_ERROR;
				CLANG_WARN_UNREACHABLE_CODE = YES;
				CLANG_WARN__DUPLICATE_METHOD_MATCH = YES;
				"CODE_SIGN_IDENTITY[sdk=iphoneos*]" = "iPhone Developer";
				COPY_PHASE_STRIP = NO;
				DEBUG_INFORMATION_FORMAT = "dwarf-with-dsym";
				ENABLE_NS_ASSERTIONS = NO;
				ENABLE_STRICT_OBJC_MSGSEND = YES;
				GCC_C_LANGUAGE_STANDARD = gnu99;
				GCC_NO_COMMON_BLOCKS = YES;
				GCC_WARN_64_TO_32_BIT_CONVERSION = YES;
				GCC_WARN_ABOUT_RETURN_TYPE = YES_ERROR;
				GCC_WARN_UNDECLARED_SELECTOR = YES;
				GCC_WARN_UNINITIALIZED_AUTOS = YES_AGGRESSIVE;
				GCC_WARN_UNUSED_FUNCTION = YES;
				GCC_WARN_UNUSED_VARIABLE = YES;
				IPHONEOS_DEPLOYMENT_TARGET = 9.2;
				MTL_ENABLE_DEBUG_INFO = NO;
				SDKROOT = iphoneos;
				VALIDATE_PRODUCT = YES;
			};
			name = Release;
		};
		507AE8151CB7603400E6A184 /* Debug */ = {
			isa = XCBuildConfiguration;
			buildSettings = {
				ASSETCATALOG_COMPILER_APPICON_NAME = AppIcon;
				INFOPLIST_FILE = Dropit/Info.plist;
				LD_RUNPATH_SEARCH_PATHS = "$(inherited) @executable_path/Frameworks";
				PRODUCT_BUNDLE_IDENTIFIER = com.albert.Dropit;
				PRODUCT_NAME = "$(TARGET_NAME)";
			};
			name = Debug;
		};
		507AE8161CB7603400E6A184 /* Release */ = {
			isa = XCBuildConfiguration;
			buildSettings = {
				ASSETCATALOG_COMPILER_APPICON_NAME = AppIcon;
				INFOPLIST_FILE = Dropit/Info.plist;
				LD_RUNPATH_SEARCH_PATHS = "$(inherited) @executable_path/Frameworks";
				PRODUCT_BUNDLE_IDENTIFIER = com.albert.Dropit;
				PRODUCT_NAME = "$(TARGET_NAME)";
			};
			name = Release;
		};
		507AE8181CB7603400E6A184 /* Debug */ = {
			isa = XCBuildConfiguration;
			buildSettings = {
				BUNDLE_LOADER = "$(TEST_HOST)";
				INFOPLIST_FILE = DropitTests/Info.plist;
				LD_RUNPATH_SEARCH_PATHS = "$(inherited) @executable_path/Frameworks @loader_path/Frameworks";
				PRODUCT_BUNDLE_IDENTIFIER = com.albert.DropitTests;
				PRODUCT_NAME = "$(TARGET_NAME)";
				TEST_HOST = "$(BUILT_PRODUCTS_DIR)/Dropit.app/Dropit";
			};
			name = Debug;
		};
		507AE8191CB7603400E6A184 /* Release */ = {
			isa = XCBuildConfiguration;
			buildSettings = {
				BUNDLE_LOADER = "$(TEST_HOST)";
				INFOPLIST_FILE = DropitTests/Info.plist;
				LD_RUNPATH_SEARCH_PATHS = "$(inherited) @executable_path/Frameworks @loader_path/Frameworks";
				PRODUCT_BUNDLE_IDENTIFIER = com.albert.DropitTests;
				PRODUCT_NAME = "$(TARGET_NAME)";
				TEST_HOST = "$(BUILT_PRODUCTS_DIR)/Dropit.app/Dropit";
			};
			name = Release;
		};
		507AE81B1CB7603400E6A184 /* Debug */ = {
			isa = XCBuildConfiguration;
			buildSettings = {
				INFOPLIST_FILE = DropitUITests/Info.plist;
				LD_RUNPATH_SEARCH_PATHS = "$(inherited) @executable_path/Frameworks @loader_path/Frameworks";
				PRODUCT_BUNDLE_IDENTIFIER = com.albert.DropitUITests;
				PRODUCT_NAME = "$(TARGET_NAME)";
				TEST_TARGET_NAME = Dropit;
				USES_XCTRUNNER = YES;
			};
			name = Debug;
		};
		507AE81C1CB7603400E6A184 /* Release */ = {
			isa = XCBuildConfiguration;
			buildSettings = {
				INFOPLIST_FILE = DropitUITests/Info.plist;
				LD_RUNPATH_SEARCH_PATHS = "$(inherited) @executable_path/Frameworks @loader_path/Frameworks";
				PRODUCT_BUNDLE_IDENTIFIER = com.albert.DropitUITests;
				PRODUCT_NAME = "$(TARGET_NAME)";
				TEST_TARGET_NAME = Dropit;
				USES_XCTRUNNER = YES;
			};
			name = Release;
		};
/* End XCBuildConfiguration section */

/* Begin XCConfigurationList section */
		507AE7E21CB7603400E6A184 /* Build configuration list for PBXProject "Dropit" */ = {
			isa = XCConfigurationList;
			buildConfigurations = (
				507AE8121CB7603400E6A184 /* Debug */,
				507AE8131CB7603400E6A184 /* Release */,
			);
			defaultConfigurationIsVisible = 0;
			defaultConfigurationName = Release;
		};
		507AE8141CB7603400E6A184 /* Build configuration list for PBXNativeTarget "Dropit" */ = {
			isa = XCConfigurationList;
			buildConfigurations = (
				507AE8151CB7603400E6A184 /* Debug */,
				507AE8161CB7603400E6A184 /* Release */,
			);
			defaultConfigurationIsVisible = 0;
		};
		507AE8171CB7603400E6A184 /* Build configuration list for PBXNativeTarget "DropitTests" */ = {
			isa = XCConfigurationList;
			buildConfigurations = (
				507AE8181CB7603400E6A184 /* Debug */,
				507AE8191CB7603400E6A184 /* Release */,
			);
			defaultConfigurationIsVisible = 0;
		};
		507AE81A1CB7603400E6A184 /* Build configuration list for PBXNativeTarget "DropitUITests" */ = {
			isa = XCConfigurationList;
			buildConfigurations = (
				507AE81B1CB7603400E6A184 /* Debug */,
				507AE81C1CB7603400E6A184 /* Release */,
			);
			defaultConfigurationIsVisible = 0;
		};
/* End XCConfigurationList section */
	};
	rootObject = 507AE7DF1CB7603400E6A184 /* Project object */;
}
